// !$*UTF8*$!
{
	archiveVersion = 1;
	classes = {
	};
	objectVersion = 55;
	objects = {

/* Begin PBXBuildFile section */
		346BF0DE2816400700936254 /* ImportLIFTView.swift in Sources */ = {isa = PBXBuildFile; fileRef = 346BF0DD2816400700936254 /* ImportLIFTView.swift */; };
		346BF0E22816EABD00936254 /* LexiconView.swift in Sources */ = {isa = PBXBuildFile; fileRef = 346BF0E12816EABD00936254 /* LexiconView.swift */; };
		348202BB28173EB700928FFA /* LexiconEntryView.swift in Sources */ = {isa = PBXBuildFile; fileRef = 348202BA28173EB700928FFA /* LexiconEntryView.swift */; };
		34E706E328147D5500C12064 /* BabelLIFTApp.swift in Sources */ = {isa = PBXBuildFile; fileRef = 34E706E228147D5500C12064 /* BabelLIFTApp.swift */; };
		34E706E528147D5500C12064 /* ContentView.swift in Sources */ = {isa = PBXBuildFile; fileRef = 34E706E428147D5500C12064 /* ContentView.swift */; };
		34E706E728147D5700C12064 /* Assets.xcassets in Resources */ = {isa = PBXBuildFile; fileRef = 34E706E628147D5700C12064 /* Assets.xcassets */; };
		34E706EA28147D5700C12064 /* Preview Assets.xcassets in Resources */ = {isa = PBXBuildFile; fileRef = 34E706E928147D5700C12064 /* Preview Assets.xcassets */; };
		34E706F7281623DE00C12064 /* LIFTParser.swift in Sources */ = {isa = PBXBuildFile; fileRef = 34E706F6281623DE00C12064 /* LIFTParser.swift */; };
/* End PBXBuildFile section */

/* Begin PBXFileReference section */
		346BF0DD2816400700936254 /* ImportLIFTView.swift */ = {isa = PBXFileReference; lastKnownFileType = sourcecode.swift; path = ImportLIFTView.swift; sourceTree = "<group>"; };
		346BF0E12816EABD00936254 /* LexiconView.swift */ = {isa = PBXFileReference; lastKnownFileType = sourcecode.swift; path = LexiconView.swift; sourceTree = "<group>"; };
		348202BA28173EB700928FFA /* LexiconEntryView.swift */ = {isa = PBXFileReference; lastKnownFileType = sourcecode.swift; path = LexiconEntryView.swift; sourceTree = "<group>"; };
		34E706DF28147D5500C12064 /* BabelLIFT.app */ = {isa = PBXFileReference; explicitFileType = wrapper.application; includeInIndex = 0; path = BabelLIFT.app; sourceTree = BUILT_PRODUCTS_DIR; };
		34E706E228147D5500C12064 /* BabelLIFTApp.swift */ = {isa = PBXFileReference; lastKnownFileType = sourcecode.swift; path = BabelLIFTApp.swift; sourceTree = "<group>"; };
		34E706E428147D5500C12064 /* ContentView.swift */ = {isa = PBXFileReference; lastKnownFileType = sourcecode.swift; path = ContentView.swift; sourceTree = "<group>"; };
		34E706E628147D5700C12064 /* Assets.xcassets */ = {isa = PBXFileReference; lastKnownFileType = folder.assetcatalog; path = Assets.xcassets; sourceTree = "<group>"; };
		34E706E928147D5700C12064 /* Preview Assets.xcassets */ = {isa = PBXFileReference; lastKnownFileType = folder.assetcatalog; path = "Preview Assets.xcassets"; sourceTree = "<group>"; };
		34E706F6281623DE00C12064 /* LIFTParser.swift */ = {isa = PBXFileReference; lastKnownFileType = sourcecode.swift; path = LIFTParser.swift; sourceTree = "<group>"; };
/* End PBXFileReference section */

/* Begin PBXFrameworksBuildPhase section */
		34E706DC28147D5500C12064 /* Frameworks */ = {
			isa = PBXFrameworksBuildPhase;
			buildActionMask = 2147483647;
			files = (
			);
			runOnlyForDeploymentPostprocessing = 0;
		};
/* End PBXFrameworksBuildPhase section */

/* Begin PBXGroup section */
		346BF0DA28163E2000936254 /* Views */ = {
			isa = PBXGroup;
			children = (
				346BF0DD2816400700936254 /* ImportLIFTView.swift */,
				346BF0E12816EABD00936254 /* LexiconView.swift */,
				348202BA28173EB700928FFA /* LexiconEntryView.swift */,
			);
			path = Views;
			sourceTree = "<group>";
		};
		346BF0DC28163E6B00936254 /* LIFT */ = {
			isa = PBXGroup;
			children = (
				34E706F6281623DE00C12064 /* LIFTParser.swift */,
			);
			path = LIFT;
			sourceTree = "<group>";
		};
		34E706D628147D5500C12064 = {
			isa = PBXGroup;
			children = (
				346BF0DC28163E6B00936254 /* LIFT */,
				34E706E128147D5500C12064 /* BabelLIFT */,
				34E706E028147D5500C12064 /* Products */,
			);
			sourceTree = "<group>";
		};
		34E706E028147D5500C12064 /* Products */ = {
			isa = PBXGroup;
			children = (
				34E706DF28147D5500C12064 /* BabelLIFT.app */,
			);
			name = Products;
			sourceTree = "<group>";
		};
		34E706E128147D5500C12064 /* BabelLIFT */ = {
			isa = PBXGroup;
			children = (
				346BF0DA28163E2000936254 /* Views */,
				34E706E228147D5500C12064 /* BabelLIFTApp.swift */,
				34E706E428147D5500C12064 /* ContentView.swift */,
				34E706E628147D5700C12064 /* Assets.xcassets */,
				34E706E828147D5700C12064 /* Preview Content */,
			);
			path = BabelLIFT;
			sourceTree = "<group>";
		};
		34E706E828147D5700C12064 /* Preview Content */ = {
			isa = PBXGroup;
			children = (
				34E706E928147D5700C12064 /* Preview Assets.xcassets */,
			);
			path = "Preview Content";
			sourceTree = "<group>";
		};
/* End PBXGroup section */

/* Begin PBXNativeTarget section */
		34E706DE28147D5500C12064 /* BabelLIFT */ = {
			isa = PBXNativeTarget;
			buildConfigurationList = 34E706ED28147D5700C12064 /* Build configuration list for PBXNativeTarget "BabelLIFT" */;
			buildPhases = (
				34E706DB28147D5500C12064 /* Sources */,
				34E706DC28147D5500C12064 /* Frameworks */,
				34E706DD28147D5500C12064 /* Resources */,
			);
			buildRules = (
			);
			dependencies = (
			);
			name = BabelLIFT;
			productName = BabelLIFT;
			productReference = 34E706DF28147D5500C12064 /* BabelLIFT.app */;
			productType = "com.apple.product-type.application";
		};
/* End PBXNativeTarget section */

/* Begin PBXProject section */
		34E706D728147D5500C12064 /* Project object */ = {
			isa = PBXProject;
			attributes = {
				BuildIndependentTargetsInParallel = 1;
				LastSwiftUpdateCheck = 1330;
				LastUpgradeCheck = 1330;
				TargetAttributes = {
					34E706DE28147D5500C12064 = {
						CreatedOnToolsVersion = 13.3.1;
					};
				};
			};
			buildConfigurationList = 34E706DA28147D5500C12064 /* Build configuration list for PBXProject "BabelLIFT" */;
			compatibilityVersion = "Xcode 13.0";
			developmentRegion = en;
			hasScannedForEncodings = 0;
			knownRegions = (
				en,
				Base,
			);
			mainGroup = 34E706D628147D5500C12064;
			productRefGroup = 34E706E028147D5500C12064 /* Products */;
			projectDirPath = "";
			projectRoot = "";
			targets = (
				34E706DE28147D5500C12064 /* BabelLIFT */,
			);
		};
/* End PBXProject section */

/* Begin PBXResourcesBuildPhase section */
		34E706DD28147D5500C12064 /* Resources */ = {
			isa = PBXResourcesBuildPhase;
			buildActionMask = 2147483647;
			files = (
				34E706EA28147D5700C12064 /* Preview Assets.xcassets in Resources */,
				34E706E728147D5700C12064 /* Assets.xcassets in Resources */,
			);
			runOnlyForDeploymentPostprocessing = 0;
		};
/* End PBXResourcesBuildPhase section */

/* Begin PBXSourcesBuildPhase section */
		34E706DB28147D5500C12064 /* Sources */ = {
			isa = PBXSourcesBuildPhase;
			buildActionMask = 2147483647;
			files = (
				346BF0DE2816400700936254 /* ImportLIFTView.swift in Sources */,
				34E706F7281623DE00C12064 /* LIFTParser.swift in Sources */,
				346BF0E22816EABD00936254 /* LexiconView.swift in Sources */,
				34E706E528147D5500C12064 /* ContentView.swift in Sources */,
				348202BB28173EB700928FFA /* LexiconEntryView.swift in Sources */,
				34E706E328147D5500C12064 /* BabelLIFTApp.swift in Sources */,
			);
			runOnlyForDeploymentPostprocessing = 0;
		};
/* End PBXSourcesBuildPhase section */

/* Begin XCBuildConfiguration section */
		34E706EB28147D5700C12064 /* Debug */ = {
			isa = XCBuildConfiguration;
			buildSettings = {
				ALWAYS_SEARCH_USER_PATHS = NO;
				CLANG_ANALYZER_NONNULL = YES;
				CLANG_ANALYZER_NUMBER_OBJECT_CONVERSION = YES_AGGRESSIVE;
				CLANG_CXX_LANGUAGE_STANDARD = "gnu++17";
				CLANG_ENABLE_MODULES = YES;
				CLANG_ENABLE_OBJC_ARC = YES;
				CLANG_ENABLE_OBJC_WEAK = YES;
				CLANG_WARN_BLOCK_CAPTURE_AUTORELEASING = YES;
				CLANG_WARN_BOOL_CONVERSION = YES;
				CLANG_WARN_COMMA = YES;
				CLANG_WARN_CONSTANT_CONVERSION = YES;
				CLANG_WARN_DEPRECATED_OBJC_IMPLEMENTATIONS = YES;
				CLANG_WARN_DIRECT_OBJC_ISA_USAGE = YES_ERROR;
				CLANG_WARN_DOCUMENTATION_COMMENTS = YES;
				CLANG_WARN_EMPTY_BODY = YES;
				CLANG_WARN_ENUM_CONVERSION = YES;
				CLANG_WARN_INFINITE_RECURSION = YES;
				CLANG_WARN_INT_CONVERSION = YES;
				CLANG_WARN_NON_LITERAL_NULL_CONVERSION = YES;
				CLANG_WARN_OBJC_IMPLICIT_RETAIN_SELF = YES;
				CLANG_WARN_OBJC_LITERAL_CONVERSION = YES;
				CLANG_WARN_OBJC_ROOT_CLASS = YES_ERROR;
				CLANG_WARN_QUOTED_INCLUDE_IN_FRAMEWORK_HEADER = YES;
				CLANG_WARN_RANGE_LOOP_ANALYSIS = YES;
				CLANG_WARN_STRICT_PROTOTYPES = YES;
				CLANG_WARN_SUSPICIOUS_MOVE = YES;
				CLANG_WARN_UNGUARDED_AVAILABILITY = YES_AGGRESSIVE;
				CLANG_WARN_UNREACHABLE_CODE = YES;
				CLANG_WARN__DUPLICATE_METHOD_MATCH = YES;
				COPY_PHASE_STRIP = NO;
				DEBUG_INFORMATION_FORMAT = dwarf;
				ENABLE_STRICT_OBJC_MSGSEND = YES;
				ENABLE_TESTABILITY = YES;
				GCC_C_LANGUAGE_STANDARD = gnu11;
				GCC_DYNAMIC_NO_PIC = NO;
				GCC_NO_COMMON_BLOCKS = YES;
				GCC_OPTIMIZATION_LEVEL = 0;
				GCC_PREPROCESSOR_DEFINITIONS = (
					"DEBUG=1",
					"$(inherited)",
				);
				GCC_WARN_64_TO_32_BIT_CONVERSION = YES;
				GCC_WARN_ABOUT_RETURN_TYPE = YES_ERROR;
				GCC_WARN_UNDECLARED_SELECTOR = YES;
				GCC_WARN_UNINITIALIZED_AUTOS = YES_AGGRESSIVE;
				GCC_WARN_UNUSED_FUNCTION = YES;
				GCC_WARN_UNUSED_VARIABLE = YES;
				IPHONEOS_DEPLOYMENT_TARGET = 15.4;
				MTL_ENABLE_DEBUG_INFO = INCLUDE_SOURCE;
				MTL_FAST_MATH = YES;
				ONLY_ACTIVE_ARCH = YES;
				SDKROOT = iphoneos;
				SWIFT_ACTIVE_COMPILATION_CONDITIONS = DEBUG;
				SWIFT_OPTIMIZATION_LEVEL = "-Onone";
			};
			name = Debug;
		};
		34E706EC28147D5700C12064 /* Release */ = {
			isa = XCBuildConfiguration;
			buildSettings = {
				ALWAYS_SEARCH_USER_PATHS = NO;
				CLANG_ANALYZER_NONNULL = YES;
				CLANG_ANALYZER_NUMBER_OBJECT_CONVERSION = YES_AGGRESSIVE;
				CLANG_CXX_LANGUAGE_STANDARD = "gnu++17";
				CLANG_ENABLE_MODULES = YES;
				CLANG_ENABLE_OBJC_ARC = YES;
				CLANG_ENABLE_OBJC_WEAK = YES;
				CLANG_WARN_BLOCK_CAPTURE_AUTORELEASING = YES;
				CLANG_WARN_BOOL_CONVERSION = YES;
				CLANG_WARN_COMMA = YES;
				CLANG_WARN_CONSTANT_CONVERSION = YES;
				CLANG_WARN_DEPRECATED_OBJC_IMPLEMENTATIONS = YES;
				CLANG_WARN_DIRECT_OBJC_ISA_USAGE = YES_ERROR;
				CLANG_WARN_DOCUMENTATION_COMMENTS = YES;
				CLANG_WARN_EMPTY_BODY = YES;
				CLANG_WARN_ENUM_CONVERSION = YES;
				CLANG_WARN_INFINITE_RECURSION = YES;
				CLANG_WARN_INT_CONVERSION = YES;
				CLANG_WARN_NON_LITERAL_NULL_CONVERSION = YES;
				CLANG_WARN_OBJC_IMPLICIT_RETAIN_SELF = YES;
				CLANG_WARN_OBJC_LITERAL_CONVERSION = YES;
				CLANG_WARN_OBJC_ROOT_CLASS = YES_ERROR;
				CLANG_WARN_QUOTED_INCLUDE_IN_FRAMEWORK_HEADER = YES;
				CLANG_WARN_RANGE_LOOP_ANALYSIS = YES;
				CLANG_WARN_STRICT_PROTOTYPES = YES;
				CLANG_WARN_SUSPICIOUS_MOVE = YES;
				CLANG_WARN_UNGUARDED_AVAILABILITY = YES_AGGRESSIVE;
				CLANG_WARN_UNREACHABLE_CODE = YES;
				CLANG_WARN__DUPLICATE_METHOD_MATCH = YES;
				COPY_PHASE_STRIP = NO;
				DEBUG_INFORMATION_FORMAT = "dwarf-with-dsym";
				ENABLE_NS_ASSERTIONS = NO;
				ENABLE_STRICT_OBJC_MSGSEND = YES;
				GCC_C_LANGUAGE_STANDARD = gnu11;
				GCC_NO_COMMON_BLOCKS = YES;
				GCC_WARN_64_TO_32_BIT_CONVERSION = YES;
				GCC_WARN_ABOUT_RETURN_TYPE = YES_ERROR;
				GCC_WARN_UNDECLARED_SELECTOR = YES;
				GCC_WARN_UNINITIALIZED_AUTOS = YES_AGGRESSIVE;
				GCC_WARN_UNUSED_FUNCTION = YES;
				GCC_WARN_UNUSED_VARIABLE = YES;
				IPHONEOS_DEPLOYMENT_TARGET = 15.4;
				MTL_ENABLE_DEBUG_INFO = NO;
				MTL_FAST_MATH = YES;
				SDKROOT = iphoneos;
				SWIFT_COMPILATION_MODE = wholemodule;
				SWIFT_OPTIMIZATION_LEVEL = "-O";
				VALIDATE_PRODUCT = YES;
			};
			name = Release;
		};
		34E706EE28147D5700C12064 /* Debug */ = {
			isa = XCBuildConfiguration;
			buildSettings = {
				ASSETCATALOG_COMPILER_APPICON_NAME = AppIcon;
				ASSETCATALOG_COMPILER_GLOBAL_ACCENT_COLOR_NAME = AccentColor;
				CODE_SIGN_STYLE = Automatic;
				CURRENT_PROJECT_VERSION = 1;
				DEVELOPMENT_ASSET_PATHS = "\"BabelLIFT/Preview Content\"";
				DEVELOPMENT_TEAM = 9XLRLQ8VLJ;
				ENABLE_PREVIEWS = YES;
				GENERATE_INFOPLIST_FILE = YES;
				INFOPLIST_KEY_UIApplicationSceneManifest_Generation = YES;
				INFOPLIST_KEY_UIApplicationSupportsIndirectInputEvents = YES;
				INFOPLIST_KEY_UILaunchScreen_Generation = YES;
				INFOPLIST_KEY_UISupportedInterfaceOrientations_iPad = "UIInterfaceOrientationPortrait UIInterfaceOrientationPortraitUpsideDown UIInterfaceOrientationLandscapeLeft UIInterfaceOrientationLandscapeRight";
				INFOPLIST_KEY_UISupportedInterfaceOrientations_iPhone = "UIInterfaceOrientationPortrait UIInterfaceOrientationLandscapeLeft UIInterfaceOrientationLandscapeRight";
				LD_RUNPATH_SEARCH_PATHS = (
					"$(inherited)",
					"@executable_path/Frameworks",
				);
				MARKETING_VERSION = 1.0;
				PRODUCT_BUNDLE_IDENTIFIER = me.ngai.BabelLIFT;
				PRODUCT_NAME = "$(TARGET_NAME)";
				SWIFT_EMIT_LOC_STRINGS = YES;
				SWIFT_VERSION = 5.0;
				TARGETED_DEVICE_FAMILY = "1,2";
			};
			name = Debug;
		};
		34E706EF28147D5700C12064 /* Release */ = {
			isa = XCBuildConfiguration;
			buildSettings = {
				ASSETCATALOG_COMPILER_APPICON_NAME = AppIcon;
				ASSETCATALOG_COMPILER_GLOBAL_ACCENT_COLOR_NAME = AccentColor;
				CODE_SIGN_STYLE = Automatic;
				CURRENT_PROJECT_VERSION = 1;
				DEVELOPMENT_ASSET_PATHS = "\"BabelLIFT/Preview Content\"";
				DEVELOPMENT_TEAM = 9XLRLQ8VLJ;
				ENABLE_PREVIEWS = YES;
				GENERATE_INFOPLIST_FILE = YES;
				INFOPLIST_KEY_UIApplicationSceneManifest_Generation = YES;
				INFOPLIST_KEY_UIApplicationSupportsIndirectInputEvents = YES;
				INFOPLIST_KEY_UILaunchScreen_Generation = YES;
				INFOPLIST_KEY_UISupportedInterfaceOrientations_iPad = "UIInterfaceOrientationPortrait UIInterfaceOrientationPortraitUpsideDown UIInterfaceOrientationLandscapeLeft UIInterfaceOrientationLandscapeRight";
				INFOPLIST_KEY_UISupportedInterfaceOrientations_iPhone = "UIInterfaceOrientationPortrait UIInterfaceOrientationLandscapeLeft UIInterfaceOrientationLandscapeRight";
				LD_RUNPATH_SEARCH_PATHS = (
					"$(inherited)",
					"@executable_path/Frameworks",
				);
				MARKETING_VERSION = 1.0;
				PRODUCT_BUNDLE_IDENTIFIER = me.ngai.BabelLIFT;
				PRODUCT_NAME = "$(TARGET_NAME)";
				SWIFT_EMIT_LOC_STRINGS = YES;
				SWIFT_VERSION = 5.0;
				TARGETED_DEVICE_FAMILY = "1,2";
			};
			name = Release;
		};
/* End XCBuildConfiguration section */

/* Begin XCConfigurationList section */
		34E706DA28147D5500C12064 /* Build configuration list for PBXProject "BabelLIFT" */ = {
			isa = XCConfigurationList;
			buildConfigurations = (
				34E706EB28147D5700C12064 /* Debug */,
				34E706EC28147D5700C12064 /* Release */,
			);
			defaultConfigurationIsVisible = 0;
			defaultConfigurationName = Release;
		};
		34E706ED28147D5700C12064 /* Build configuration list for PBXNativeTarget "BabelLIFT" */ = {
			isa = XCConfigurationList;
			buildConfigurations = (
				34E706EE28147D5700C12064 /* Debug */,
				34E706EF28147D5700C12064 /* Release */,
			);
			defaultConfigurationIsVisible = 0;
			defaultConfigurationName = Release;
		};
/* End XCConfigurationList section */
	};
	rootObject = 34E706D728147D5500C12064 /* Project object */;
}
